{
  "name": "jasss",
  "version": "0.0.1",
  "lockfileVersion": 1,
  "requires": true,
  "dependencies": {
    "app-root-path": {
      "version": "2.0.1",
      "resolved": "https://registry.npmjs.org/app-root-path/-/app-root-path-2.0.1.tgz",
      "integrity": "sha1-zWLc+OT9WkF+/GZNLlsQZTxlG0Y="
    },
    "collect.js": {
      "version": "3.0.49",
      "resolved": "https://registry.npmjs.org/collect.js/-/collect.js-3.0.49.tgz",
      "integrity": "sha1-eZ2RjwYSMwrQXLdTHRLoIX4shiI="
    }
  }
}
